// !$*UTF8*$!
{
	archiveVersion = 1;
	classes = {
	};
	objectVersion = 52;
	objects = {

/* Begin PBXBuildFile section */
		A411567426A655F500940420 /* MissionOperator.swift in Sources */ = {isa = PBXBuildFile; fileRef = A411567326A655F500940420 /* MissionOperator.swift */; };
		A411567726A6560900940420 /* TestMissions.swift in Sources */ = {isa = PBXBuildFile; fileRef = A411567626A6560900940420 /* TestMissions.swift */; };
		A411567A26A7B12E00940420 /* MapViewCoordinator.swift in Sources */ = {isa = PBXBuildFile; fileRef = A411567926A7B12E00940420 /* MapViewCoordinator.swift */; };
		A411568426A8A37100940420 /* Mission.swift in Sources */ = {isa = PBXBuildFile; fileRef = A411568326A8A37100940420 /* Mission.swift */; };
		A45B205026A23822005492F8 /* InfoRowView.swift in Sources */ = {isa = PBXBuildFile; fileRef = A45B204F26A23822005492F8 /* InfoRowView.swift */; };
		A45B205426A248C6005492F8 /* CameraSettingsView.swift in Sources */ = {isa = PBXBuildFile; fileRef = A45B205326A248C6005492F8 /* CameraSettingsView.swift */; };
		A45B205726A248E5005492F8 /* CameraSettingsViewModel.swift in Sources */ = {isa = PBXBuildFile; fileRef = A45B205626A248E5005492F8 /* CameraSettingsViewModel.swift */; };
		A45B205C26A26528005492F8 /* CameraSettingsOptionsView.swift in Sources */ = {isa = PBXBuildFile; fileRef = A45B205B26A26528005492F8 /* CameraSettingsOptionsView.swift */; };
		A48B037C26AF8D8D00B7E300 /* MissionMapTitleAnnotationView.swift in Sources */ = {isa = PBXBuildFile; fileRef = A48B037B26AF8D8D00B7E300 /* MissionMapTitleAnnotationView.swift */; };
		A48B037F26AF8E9800B7E300 /* DroneAnnotationView.swift in Sources */ = {isa = PBXBuildFile; fileRef = A48B037E26AF8E9800B7E300 /* DroneAnnotationView.swift */; };
		A48B038226AF8F4900B7E300 /* DroneAnnotation.swift in Sources */ = {isa = PBXBuildFile; fileRef = A48B038126AF8F4900B7E300 /* DroneAnnotation.swift */; };
		A48B038626AF8F7F00B7E300 /* MissionMapTitleAnnotation.swift in Sources */ = {isa = PBXBuildFile; fileRef = A48B038526AF8F7F00B7E300 /* MissionMapTitleAnnotation.swift */; };
		A4BB6D44269CF86100D23FEE /* ConnectionView.swift in Sources */ = {isa = PBXBuildFile; fileRef = A4BB6D43269CF86100D23FEE /* ConnectionView.swift */; };
		A4BB6D47269D122900D23FEE /* ConnectionViewModel.swift in Sources */ = {isa = PBXBuildFile; fileRef = A4BB6D46269D122900D23FEE /* ConnectionViewModel.swift */; };
		A4BB6D4B269D449C00D23FEE /* CommLinkView.swift in Sources */ = {isa = PBXBuildFile; fileRef = A4BB6D4A269D449C00D23FEE /* CommLinkView.swift */; };
		A53C5F5A2658559B0076CFF0 /* MessageViewModel.swift in Sources */ = {isa = PBXBuildFile; fileRef = A53C5F592658559B0076CFF0 /* MessageViewModel.swift */; };
		A54C358D2656FE13007678CD /* SiteScanMavsdk.swift in Sources */ = {isa = PBXBuildFile; fileRef = A54C358C2656FE13007678CD /* SiteScanMavsdk.swift */; };
		A54C359626571189007678CD /* SiteScanViewModel.swift in Sources */ = {isa = PBXBuildFile; fileRef = A54C359526571189007678CD /* SiteScanViewModel.swift */; };
		A54C35A3265755B0007678CD /* CameraView.swift in Sources */ = {isa = PBXBuildFile; fileRef = A54C35A2265755B0007678CD /* CameraView.swift */; };
		A54C35A8265755C4007678CD /* CameraViewModel.swift in Sources */ = {isa = PBXBuildFile; fileRef = A54C35A7265755C4007678CD /* CameraViewModel.swift */; };
		A54C35AD2657564A007678CD /* SiteScanView.swift in Sources */ = {isa = PBXBuildFile; fileRef = A54C35AC2657564A007678CD /* SiteScanView.swift */; };
		A54C35B226583136007678CD /* MissionMenuView.swift in Sources */ = {isa = PBXBuildFile; fileRef = A54C35B126583136007678CD /* MissionMenuView.swift */; };
		A54C35B72658317E007678CD /* MissionViewModel.swift in Sources */ = {isa = PBXBuildFile; fileRef = A54C35B62658317E007678CD /* MissionViewModel.swift */; };
		A54C35BC265845A6007678CD /* Action.swift in Sources */ = {isa = PBXBuildFile; fileRef = A54C35BB265845A6007678CD /* Action.swift */; };
		A54C35C126584A91007678CD /* TelemetryDetailViewModel.swift in Sources */ = {isa = PBXBuildFile; fileRef = A54C35C026584A91007678CD /* TelemetryDetailViewModel.swift */; };
		A55F21AC264DE55E00659CD9 /* PipView.swift in Sources */ = {isa = PBXBuildFile; fileRef = A55F21AB264DE55E00659CD9 /* PipView.swift */; };
		A55F21B4264DE5BF00659CD9 /* MapView.swift in Sources */ = {isa = PBXBuildFile; fileRef = A55F21B3264DE5BF00659CD9 /* MapView.swift */; };
		A55F21BB264DE61600659CD9 /* MavsdkDrone.swift in Sources */ = {isa = PBXBuildFile; fileRef = A55F21BA264DE61600659CD9 /* MavsdkDrone.swift */; };
		A55F21C0264DE65000659CD9 /* Location.swift in Sources */ = {isa = PBXBuildFile; fileRef = A55F21BF264DE65000659CD9 /* Location.swift */; };
		A55F21C8264E09BC00659CD9 /* MenuView.swift in Sources */ = {isa = PBXBuildFile; fileRef = A55F21C7264E09BC00659CD9 /* MenuView.swift */; };
		A55F21CD264E0F8100659CD9 /* ActionsView.swift in Sources */ = {isa = PBXBuildFile; fileRef = A55F21CC264E0F8100659CD9 /* ActionsView.swift */; };
		A55F21D5264EDAF900659CD9 /* VideoView.swift in Sources */ = {isa = PBXBuildFile; fileRef = A55F21D4264EDAF900659CD9 /* VideoView.swift */; };
		A55F2207264EF68F00659CD9 /* FFmpeg-iOS in Frameworks */ = {isa = PBXBuildFile; productRef = A55F2206264EF68F00659CD9 /* FFmpeg-iOS */; };
		A5B1757C265882D60094E2D2 /* VideoPlayerUIView.swift in Sources */ = {isa = PBXBuildFile; fileRef = A5B1757B265882D60094E2D2 /* VideoPlayerUIView.swift */; };
		A5F70B92264DDDC20017AFC1 /* Mavsdk_Swift_ExampleApp.swift in Sources */ = {isa = PBXBuildFile; fileRef = A5F70B91264DDDC20017AFC1 /* Mavsdk_Swift_ExampleApp.swift */; };
		A5F70B94264DDDC20017AFC1 /* MainView.swift in Sources */ = {isa = PBXBuildFile; fileRef = A5F70B93264DDDC20017AFC1 /* MainView.swift */; };
		A5F70B96264DDDC40017AFC1 /* Assets.xcassets in Resources */ = {isa = PBXBuildFile; fileRef = A5F70B95264DDDC40017AFC1 /* Assets.xcassets */; };
		A5F70B99264DDDC40017AFC1 /* Preview Assets.xcassets in Resources */ = {isa = PBXBuildFile; fileRef = A5F70B98264DDDC40017AFC1 /* Preview Assets.xcassets */; };
		A5F744FF264F248B00A64432 /* MapViewModel.swift in Sources */ = {isa = PBXBuildFile; fileRef = A5F744FE264F248B00A64432 /* MapViewModel.swift */; };
		A5F74504264F2B4E00A64432 /* PipViewModel.swift in Sources */ = {isa = PBXBuildFile; fileRef = A5F74503264F2B4E00A64432 /* PipViewModel.swift */; };
		A5F74509264F39EE00A64432 /* TelemetryView.swift in Sources */ = {isa = PBXBuildFile; fileRef = A5F74508264F39EE00A64432 /* TelemetryView.swift */; };
		A5F7450E264F3A0900A64432 /* TelemetryViewModel.swift in Sources */ = {isa = PBXBuildFile; fileRef = A5F7450D264F3A0900A64432 /* TelemetryViewModel.swift */; };
		A5F74518264F40D000A64432 /* ActionsViewModel.swift in Sources */ = {isa = PBXBuildFile; fileRef = A5F74517264F40D000A64432 /* ActionsViewModel.swift */; };
		A5FEFEFF26534E2E007A6FCC /* TelemetryDetailView.swift in Sources */ = {isa = PBXBuildFile; fileRef = A5FEFEFE26534E2E007A6FCC /* TelemetryDetailView.swift */; };
		C5D551CA267BC0DE00ECD14C /* Mavsdk in Frameworks */ = {isa = PBXBuildFile; productRef = C5D551C9267BC0DE00ECD14C /* Mavsdk */; };
		C5D551CC267BC0DE00ECD14C /* MavsdkServer in Frameworks */ = {isa = PBXBuildFile; productRef = C5D551CB267BC0DE00ECD14C /* MavsdkServer */; };
		C5E155E3265C698200D0A9FB /* VideoStreamPlayer.m in Sources */ = {isa = PBXBuildFile; fileRef = C5E155E0265C698200D0A9FB /* VideoStreamPlayer.m */; };
		C5E155E4265C698200D0A9FB /* RTSPView.swift in Sources */ = {isa = PBXBuildFile; fileRef = C5E155E1265C698200D0A9FB /* RTSPView.swift */; };
/* End PBXBuildFile section */

/* Begin PBXFileReference section */
		A411567326A655F500940420 /* MissionOperator.swift */ = {isa = PBXFileReference; lastKnownFileType = sourcecode.swift; path = MissionOperator.swift; sourceTree = "<group>"; };
		A411567626A6560900940420 /* TestMissions.swift */ = {isa = PBXFileReference; lastKnownFileType = sourcecode.swift; path = TestMissions.swift; sourceTree = "<group>"; };
		A411567926A7B12E00940420 /* MapViewCoordinator.swift */ = {isa = PBXFileReference; lastKnownFileType = sourcecode.swift; path = MapViewCoordinator.swift; sourceTree = "<group>"; };
		A411568326A8A37100940420 /* Mission.swift */ = {isa = PBXFileReference; lastKnownFileType = sourcecode.swift; path = Mission.swift; sourceTree = "<group>"; };
		A45B204F26A23822005492F8 /* InfoRowView.swift */ = {isa = PBXFileReference; lastKnownFileType = sourcecode.swift; path = InfoRowView.swift; sourceTree = "<group>"; };
		A45B205326A248C6005492F8 /* CameraSettingsView.swift */ = {isa = PBXFileReference; lastKnownFileType = sourcecode.swift; path = CameraSettingsView.swift; sourceTree = "<group>"; };
		A45B205626A248E5005492F8 /* CameraSettingsViewModel.swift */ = {isa = PBXFileReference; lastKnownFileType = sourcecode.swift; path = CameraSettingsViewModel.swift; sourceTree = "<group>"; };
		A45B205B26A26528005492F8 /* CameraSettingsOptionsView.swift */ = {isa = PBXFileReference; lastKnownFileType = sourcecode.swift; path = CameraSettingsOptionsView.swift; sourceTree = "<group>"; };
		A48B037B26AF8D8D00B7E300 /* MissionMapTitleAnnotationView.swift */ = {isa = PBXFileReference; lastKnownFileType = sourcecode.swift; path = MissionMapTitleAnnotationView.swift; sourceTree = "<group>"; };
		A48B037E26AF8E9800B7E300 /* DroneAnnotationView.swift */ = {isa = PBXFileReference; lastKnownFileType = sourcecode.swift; path = DroneAnnotationView.swift; sourceTree = "<group>"; };
		A48B038126AF8F4900B7E300 /* DroneAnnotation.swift */ = {isa = PBXFileReference; lastKnownFileType = sourcecode.swift; path = DroneAnnotation.swift; sourceTree = "<group>"; };
		A48B038526AF8F7F00B7E300 /* MissionMapTitleAnnotation.swift */ = {isa = PBXFileReference; lastKnownFileType = sourcecode.swift; path = MissionMapTitleAnnotation.swift; sourceTree = "<group>"; };
		A4BB6D43269CF86100D23FEE /* ConnectionView.swift */ = {isa = PBXFileReference; lastKnownFileType = sourcecode.swift; path = ConnectionView.swift; sourceTree = "<group>"; };
		A4BB6D46269D122900D23FEE /* ConnectionViewModel.swift */ = {isa = PBXFileReference; lastKnownFileType = sourcecode.swift; path = ConnectionViewModel.swift; sourceTree = "<group>"; };
		A4BB6D4A269D449C00D23FEE /* CommLinkView.swift */ = {isa = PBXFileReference; lastKnownFileType = sourcecode.swift; path = CommLinkView.swift; sourceTree = "<group>"; };
		A53C5F592658559B0076CFF0 /* MessageViewModel.swift */ = {isa = PBXFileReference; lastKnownFileType = sourcecode.swift; path = MessageViewModel.swift; sourceTree = "<group>"; };
		A54C358C2656FE13007678CD /* SiteScanMavsdk.swift */ = {isa = PBXFileReference; lastKnownFileType = sourcecode.swift; path = SiteScanMavsdk.swift; sourceTree = "<group>"; };
		A54C359526571189007678CD /* SiteScanViewModel.swift */ = {isa = PBXFileReference; lastKnownFileType = sourcecode.swift; path = SiteScanViewModel.swift; sourceTree = "<group>"; };
		A54C35A2265755B0007678CD /* CameraView.swift */ = {isa = PBXFileReference; lastKnownFileType = sourcecode.swift; path = CameraView.swift; sourceTree = "<group>"; };
		A54C35A7265755C4007678CD /* CameraViewModel.swift */ = {isa = PBXFileReference; lastKnownFileType = sourcecode.swift; path = CameraViewModel.swift; sourceTree = "<group>"; };
		A54C35AC2657564A007678CD /* SiteScanView.swift */ = {isa = PBXFileReference; lastKnownFileType = sourcecode.swift; path = SiteScanView.swift; sourceTree = "<group>"; };
		A54C35B126583136007678CD /* MissionMenuView.swift */ = {isa = PBXFileReference; lastKnownFileType = sourcecode.swift; path = MissionMenuView.swift; sourceTree = "<group>"; };
		A54C35B62658317E007678CD /* MissionViewModel.swift */ = {isa = PBXFileReference; lastKnownFileType = sourcecode.swift; path = MissionViewModel.swift; sourceTree = "<group>"; };
		A54C35BB265845A6007678CD /* Action.swift */ = {isa = PBXFileReference; lastKnownFileType = sourcecode.swift; path = Action.swift; sourceTree = "<group>"; };
		A54C35C026584A91007678CD /* TelemetryDetailViewModel.swift */ = {isa = PBXFileReference; lastKnownFileType = sourcecode.swift; path = TelemetryDetailViewModel.swift; sourceTree = "<group>"; };
		A55F21AB264DE55E00659CD9 /* PipView.swift */ = {isa = PBXFileReference; lastKnownFileType = sourcecode.swift; path = PipView.swift; sourceTree = "<group>"; };
		A55F21B3264DE5BF00659CD9 /* MapView.swift */ = {isa = PBXFileReference; lastKnownFileType = sourcecode.swift; path = MapView.swift; sourceTree = "<group>"; };
		A55F21BA264DE61600659CD9 /* MavsdkDrone.swift */ = {isa = PBXFileReference; lastKnownFileType = sourcecode.swift; path = MavsdkDrone.swift; sourceTree = "<group>"; };
		A55F21BF264DE65000659CD9 /* Location.swift */ = {isa = PBXFileReference; lastKnownFileType = sourcecode.swift; path = Location.swift; sourceTree = "<group>"; };
		A55F21C7264E09BC00659CD9 /* MenuView.swift */ = {isa = PBXFileReference; lastKnownFileType = sourcecode.swift; path = MenuView.swift; sourceTree = "<group>"; };
		A55F21CC264E0F8100659CD9 /* ActionsView.swift */ = {isa = PBXFileReference; lastKnownFileType = sourcecode.swift; path = ActionsView.swift; sourceTree = "<group>"; };
		A55F21D4264EDAF900659CD9 /* VideoView.swift */ = {isa = PBXFileReference; lastKnownFileType = sourcecode.swift; path = VideoView.swift; sourceTree = "<group>"; };
		A5B1757B265882D60094E2D2 /* VideoPlayerUIView.swift */ = {isa = PBXFileReference; lastKnownFileType = sourcecode.swift; path = VideoPlayerUIView.swift; sourceTree = "<group>"; };
		A5F70B8E264DDDC20017AFC1 /* Mavsdk-Swift-Example.app */ = {isa = PBXFileReference; explicitFileType = wrapper.application; includeInIndex = 0; path = "Mavsdk-Swift-Example.app"; sourceTree = BUILT_PRODUCTS_DIR; };
		A5F70B91264DDDC20017AFC1 /* Mavsdk_Swift_ExampleApp.swift */ = {isa = PBXFileReference; lastKnownFileType = sourcecode.swift; path = Mavsdk_Swift_ExampleApp.swift; sourceTree = "<group>"; };
		A5F70B93264DDDC20017AFC1 /* MainView.swift */ = {isa = PBXFileReference; lastKnownFileType = sourcecode.swift; path = MainView.swift; sourceTree = "<group>"; };
		A5F70B95264DDDC40017AFC1 /* Assets.xcassets */ = {isa = PBXFileReference; lastKnownFileType = folder.assetcatalog; path = Assets.xcassets; sourceTree = "<group>"; };
		A5F70B98264DDDC40017AFC1 /* Preview Assets.xcassets */ = {isa = PBXFileReference; lastKnownFileType = folder.assetcatalog; path = "Preview Assets.xcassets"; sourceTree = "<group>"; };
		A5F70B9A264DDDC40017AFC1 /* Info.plist */ = {isa = PBXFileReference; lastKnownFileType = text.plist.xml; path = Info.plist; sourceTree = "<group>"; };
		A5F744FE264F248B00A64432 /* MapViewModel.swift */ = {isa = PBXFileReference; lastKnownFileType = sourcecode.swift; path = MapViewModel.swift; sourceTree = "<group>"; };
		A5F74503264F2B4E00A64432 /* PipViewModel.swift */ = {isa = PBXFileReference; lastKnownFileType = sourcecode.swift; path = PipViewModel.swift; sourceTree = "<group>"; };
		A5F74508264F39EE00A64432 /* TelemetryView.swift */ = {isa = PBXFileReference; lastKnownFileType = sourcecode.swift; path = TelemetryView.swift; sourceTree = "<group>"; };
		A5F7450D264F3A0900A64432 /* TelemetryViewModel.swift */ = {isa = PBXFileReference; lastKnownFileType = sourcecode.swift; path = TelemetryViewModel.swift; sourceTree = "<group>"; };
		A5F74517264F40D000A64432 /* ActionsViewModel.swift */ = {isa = PBXFileReference; lastKnownFileType = sourcecode.swift; path = ActionsViewModel.swift; sourceTree = "<group>"; };
		A5FEFEFE26534E2E007A6FCC /* TelemetryDetailView.swift */ = {isa = PBXFileReference; lastKnownFileType = sourcecode.swift; path = TelemetryDetailView.swift; sourceTree = "<group>"; };
		C5E155DF265C698200D0A9FB /* RtspClient-Bridging-Header.h */ = {isa = PBXFileReference; fileEncoding = 4; lastKnownFileType = sourcecode.c.h; path = "RtspClient-Bridging-Header.h"; sourceTree = "<group>"; };
		C5E155E0265C698200D0A9FB /* VideoStreamPlayer.m */ = {isa = PBXFileReference; fileEncoding = 4; lastKnownFileType = sourcecode.c.objc; path = VideoStreamPlayer.m; sourceTree = "<group>"; };
		C5E155E1265C698200D0A9FB /* RTSPView.swift */ = {isa = PBXFileReference; fileEncoding = 4; lastKnownFileType = sourcecode.swift; path = RTSPView.swift; sourceTree = "<group>"; };
		C5E155E2265C698200D0A9FB /* VideoStreamPlayer.h */ = {isa = PBXFileReference; fileEncoding = 4; lastKnownFileType = sourcecode.c.h; path = VideoStreamPlayer.h; sourceTree = "<group>"; };
/* End PBXFileReference section */

/* Begin PBXFrameworksBuildPhase section */
		A5F70B8B264DDDC20017AFC1 /* Frameworks */ = {
			isa = PBXFrameworksBuildPhase;
			buildActionMask = 2147483647;
			files = (
				C5D551CA267BC0DE00ECD14C /* Mavsdk in Frameworks */,
				A55F2207264EF68F00659CD9 /* FFmpeg-iOS in Frameworks */,
				C5D551CC267BC0DE00ECD14C /* MavsdkServer in Frameworks */,
			);
			runOnlyForDeploymentPostprocessing = 0;
		};
/* End PBXFrameworksBuildPhase section */

/* Begin PBXGroup section */
		A45B204E26A237E8005492F8 /* Views */ = {
			isa = PBXGroup;
			children = (
				A45B204F26A23822005492F8 /* InfoRowView.swift */,
			);
			path = Views;
			sourceTree = "<group>";
		};
		A48B038826AF8FA600B7E300 /* MapOverlays */ = {
			isa = PBXGroup;
			children = (
				A48B038526AF8F7F00B7E300 /* MissionMapTitleAnnotation.swift */,
				A48B037E26AF8E9800B7E300 /* DroneAnnotationView.swift */,
				A48B038126AF8F4900B7E300 /* DroneAnnotation.swift */,
				A48B037B26AF8D8D00B7E300 /* MissionMapTitleAnnotationView.swift */,
			);
			path = MapOverlays;
			sourceTree = "<group>";
		};
		A4BB6D42269CF84600D23FEE /* Connection */ = {
			isa = PBXGroup;
			children = (
				A4BB6D43269CF86100D23FEE /* ConnectionView.swift */,
				A4BB6D46269D122900D23FEE /* ConnectionViewModel.swift */,
				A4BB6D4A269D449C00D23FEE /* CommLinkView.swift */,
			);
			path = Connection;
			sourceTree = "<group>";
		};
		A54C35832656FDD3007678CD /* Helpers */ = {
			isa = PBXGroup;
			children = (
				C5C7B5CF267BD9F8000BABFF /* FFMpeg */,
			);
			path = Helpers;
			sourceTree = "<group>";
		};
		A54C359126570045007678CD /* SiteScan */ = {
			isa = PBXGroup;
			children = (
				A54C35AC2657564A007678CD /* SiteScanView.swift */,
				A54C359526571189007678CD /* SiteScanViewModel.swift */,
				A54C358C2656FE13007678CD /* SiteScanMavsdk.swift */,
			);
			path = SiteScan;
			sourceTree = "<group>";
		};
		A55F21B8264DE5F200659CD9 /* Models */ = {
			isa = PBXGroup;
			children = (
				A55F21BF264DE65000659CD9 /* Location.swift */,
				A54C35BB265845A6007678CD /* Action.swift */,
			);
			path = Models;
			sourceTree = "<group>";
		};
		A5F70B85264DDDC20017AFC1 = {
			isa = PBXGroup;
			children = (
				A5F70B90264DDDC20017AFC1 /* Mavsdk-Swift-Example */,
				A5F70B8F264DDDC20017AFC1 /* Products */,
			);
			sourceTree = "<group>";
		};
		A5F70B8F264DDDC20017AFC1 /* Products */ = {
			isa = PBXGroup;
			children = (
				A5F70B8E264DDDC20017AFC1 /* Mavsdk-Swift-Example.app */,
			);
			name = Products;
			sourceTree = "<group>";
		};
		A5F70B90264DDDC20017AFC1 /* Mavsdk-Swift-Example */ = {
			isa = PBXGroup;
			children = (
				A5F70B91264DDDC20017AFC1 /* Mavsdk_Swift_ExampleApp.swift */,
				C5C7B5C2267BD907000BABFF /* Mavsdk */,
				C5C7B5BC267BD8BA000BABFF /* App */,
				A54C35832656FDD3007678CD /* Helpers */,
				A45B204E26A237E8005492F8 /* Views */,
				A55F21B8264DE5F200659CD9 /* Models */,
				A5F70B95264DDDC40017AFC1 /* Assets.xcassets */,
				A5F70B9A264DDDC40017AFC1 /* Info.plist */,
				A5F70B97264DDDC40017AFC1 /* Preview Content */,
			);
			path = "Mavsdk-Swift-Example";
			sourceTree = "<group>";
		};
		A5F70B97264DDDC40017AFC1 /* Preview Content */ = {
			isa = PBXGroup;
			children = (
				A5F70B98264DDDC40017AFC1 /* Preview Assets.xcassets */,
			);
			path = "Preview Content";
			sourceTree = "<group>";
		};
		C5C7B5BC267BD8BA000BABFF /* App */ = {
			isa = PBXGroup;
			children = (
				A5F70B93264DDDC20017AFC1 /* MainView.swift */,
				A4BB6D42269CF84600D23FEE /* Connection */,
				C5C7B5D9267BDB3E000BABFF /* Pip */,
				C5C7B5D6267BDA9E000BABFF /* TelemetryDetail */,
				C5C7B5D3267BDA6B000BABFF /* Map */,
				C5C7B5C5267BD937000BABFF /* Menu */,
				C5C7B5C1267BD8EE000BABFF /* Video */,
			);
			path = App;
			sourceTree = "<group>";
		};
		C5C7B5BD267BD8C1000BABFF /* Actions */ = {
			isa = PBXGroup;
			children = (
				A55F21CC264E0F8100659CD9 /* ActionsView.swift */,
				A5F74517264F40D000A64432 /* ActionsViewModel.swift */,
			);
			path = Actions;
			sourceTree = "<group>";
		};
		C5C7B5BE267BD8C8000BABFF /* Telemetry */ = {
			isa = PBXGroup;
			children = (
				A5F74508264F39EE00A64432 /* TelemetryView.swift */,
				A5F7450D264F3A0900A64432 /* TelemetryViewModel.swift */,
			);
			path = Telemetry;
			sourceTree = "<group>";
		};
		C5C7B5BF267BD8CE000BABFF /* Mission */ = {
			isa = PBXGroup;
			children = (
				A54C35B126583136007678CD /* MissionMenuView.swift */,
				A54C35B62658317E007678CD /* MissionViewModel.swift */,
				A411567326A655F500940420 /* MissionOperator.swift */,
				A411567626A6560900940420 /* TestMissions.swift */,
				A411568326A8A37100940420 /* Mission.swift */,
			);
			path = Mission;
			sourceTree = "<group>";
		};
		C5C7B5C0267BD8E6000BABFF /* Camera */ = {
			isa = PBXGroup;
			children = (
				A54C35A2265755B0007678CD /* CameraView.swift */,
				A54C35A7265755C4007678CD /* CameraViewModel.swift */,
				A45B205326A248C6005492F8 /* CameraSettingsView.swift */,
				A45B205B26A26528005492F8 /* CameraSettingsOptionsView.swift */,
				A45B205626A248E5005492F8 /* CameraSettingsViewModel.swift */,
			);
			path = Camera;
			sourceTree = "<group>";
		};
		C5C7B5C1267BD8EE000BABFF /* Video */ = {
			isa = PBXGroup;
			children = (
				A55F21D4264EDAF900659CD9 /* VideoView.swift */,
				A5B1757B265882D60094E2D2 /* VideoPlayerUIView.swift */,
			);
			path = Video;
			sourceTree = "<group>";
		};
		C5C7B5C2267BD907000BABFF /* Mavsdk */ = {
			isa = PBXGroup;
			children = (
				A55F21BA264DE61600659CD9 /* MavsdkDrone.swift */,
			);
			path = Mavsdk;
			sourceTree = "<group>";
		};
		C5C7B5C5267BD937000BABFF /* Menu */ = {
			isa = PBXGroup;
			children = (
				A55F21C7264E09BC00659CD9 /* MenuView.swift */,
				C5C7B5BE267BD8C8000BABFF /* Telemetry */,
				C5C7B5BD267BD8C1000BABFF /* Actions */,
				C5C7B5BF267BD8CE000BABFF /* Mission */,
				C5C7B5C0267BD8E6000BABFF /* Camera */,
				A54C359126570045007678CD /* SiteScan */,
			);
			path = Menu;
			sourceTree = "<group>";
		};
		C5C7B5CF267BD9F8000BABFF /* FFMpeg */ = {
			isa = PBXGroup;
			children = (
				C5E155DF265C698200D0A9FB /* RtspClient-Bridging-Header.h */,
				C5E155E1265C698200D0A9FB /* RTSPView.swift */,
				C5E155E2265C698200D0A9FB /* VideoStreamPlayer.h */,
				C5E155E0265C698200D0A9FB /* VideoStreamPlayer.m */,
			);
			path = FFMpeg;
			sourceTree = "<group>";
		};
		C5C7B5D3267BDA6B000BABFF /* Map */ = {
			isa = PBXGroup;
			children = (
				A55F21B3264DE5BF00659CD9 /* MapView.swift */,
				A5F744FE264F248B00A64432 /* MapViewModel.swift */,
				A411567926A7B12E00940420 /* MapViewCoordinator.swift */,
				A48B038826AF8FA600B7E300 /* MapOverlays */,
			);
			path = Map;
			sourceTree = "<group>";
		};
		C5C7B5D6267BDA9E000BABFF /* TelemetryDetail */ = {
			isa = PBXGroup;
			children = (
				A5FEFEFE26534E2E007A6FCC /* TelemetryDetailView.swift */,
				A53C5F592658559B0076CFF0 /* MessageViewModel.swift */,
				A54C35C026584A91007678CD /* TelemetryDetailViewModel.swift */,
			);
			path = TelemetryDetail;
			sourceTree = "<group>";
		};
		C5C7B5D9267BDB3E000BABFF /* Pip */ = {
			isa = PBXGroup;
			children = (
				A55F21AB264DE55E00659CD9 /* PipView.swift */,
				A5F74503264F2B4E00A64432 /* PipViewModel.swift */,
			);
			path = Pip;
			sourceTree = "<group>";
		};
/* End PBXGroup section */

/* Begin PBXNativeTarget section */
		A5F70B8D264DDDC20017AFC1 /* Mavsdk-Swift-Example */ = {
			isa = PBXNativeTarget;
			buildConfigurationList = A5F70BB3264DDDC40017AFC1 /* Build configuration list for PBXNativeTarget "Mavsdk-Swift-Example" */;
			buildPhases = (
				A5F70B8A264DDDC20017AFC1 /* Sources */,
				A5F70B8B264DDDC20017AFC1 /* Frameworks */,
				A5F70B8C264DDDC20017AFC1 /* Resources */,
			);
			buildRules = (
			);
			dependencies = (
			);
			name = "Mavsdk-Swift-Example";
			packageProductDependencies = (
				A55F2206264EF68F00659CD9 /* FFmpeg-iOS */,
				C5D551C9267BC0DE00ECD14C /* Mavsdk */,
				C5D551CB267BC0DE00ECD14C /* MavsdkServer */,
			);
			productName = "Mavsdk-SwiftUI-Example";
			productReference = A5F70B8E264DDDC20017AFC1 /* Mavsdk-Swift-Example.app */;
			productType = "com.apple.product-type.application";
		};
/* End PBXNativeTarget section */

/* Begin PBXProject section */
		A5F70B86264DDDC20017AFC1 /* Project object */ = {
			isa = PBXProject;
			attributes = {
				LastSwiftUpdateCheck = 1220;
				LastUpgradeCheck = 1220;
				TargetAttributes = {
					A5F70B8D264DDDC20017AFC1 = {
						CreatedOnToolsVersion = 12.2;
					};
				};
			};
			buildConfigurationList = A5F70B89264DDDC20017AFC1 /* Build configuration list for PBXProject "Mavsdk-Swift-Example" */;
			compatibilityVersion = "Xcode 9.3";
			developmentRegion = en;
			hasScannedForEncodings = 0;
			knownRegions = (
				en,
				Base,
			);
			mainGroup = A5F70B85264DDDC20017AFC1;
			packageReferences = (
				A55F2205264EF68F00659CD9 /* XCRemoteSwiftPackageReference "FFmpeg-iOS" */,
				C5D551C8267BC0DE00ECD14C /* XCRemoteSwiftPackageReference "MAVSDK-Swift" */,
			);
			productRefGroup = A5F70B8F264DDDC20017AFC1 /* Products */;
			projectDirPath = "";
			projectRoot = "";
			targets = (
				A5F70B8D264DDDC20017AFC1 /* Mavsdk-Swift-Example */,
			);
		};
/* End PBXProject section */

/* Begin PBXResourcesBuildPhase section */
		A5F70B8C264DDDC20017AFC1 /* Resources */ = {
			isa = PBXResourcesBuildPhase;
			buildActionMask = 2147483647;
			files = (
				A5F70B99264DDDC40017AFC1 /* Preview Assets.xcassets in Resources */,
				A5F70B96264DDDC40017AFC1 /* Assets.xcassets in Resources */,
			);
			runOnlyForDeploymentPostprocessing = 0;
		};
/* End PBXResourcesBuildPhase section */

/* Begin PBXSourcesBuildPhase section */
		A5F70B8A264DDDC20017AFC1 /* Sources */ = {
			isa = PBXSourcesBuildPhase;
			buildActionMask = 2147483647;
			files = (
				C5E155E4265C698200D0A9FB /* RTSPView.swift in Sources */,
				A54C35AD2657564A007678CD /* SiteScanView.swift in Sources */,
				A5F74518264F40D000A64432 /* ActionsViewModel.swift in Sources */,
				A45B205C26A26528005492F8 /* CameraSettingsOptionsView.swift in Sources */,
				A48B037F26AF8E9800B7E300 /* DroneAnnotationView.swift in Sources */,
				A54C358D2656FE13007678CD /* SiteScanMavsdk.swift in Sources */,
				A5F74504264F2B4E00A64432 /* PipViewModel.swift in Sources */,
				A54C35A3265755B0007678CD /* CameraView.swift in Sources */,
				A45B205726A248E5005492F8 /* CameraSettingsViewModel.swift in Sources */,
				A55F21C8264E09BC00659CD9 /* MenuView.swift in Sources */,
				A5F70B94264DDDC20017AFC1 /* MainView.swift in Sources */,
				A55F21BB264DE61600659CD9 /* MavsdkDrone.swift in Sources */,
				A54C359626571189007678CD /* SiteScanViewModel.swift in Sources */,
				A54C35B226583136007678CD /* MissionMenuView.swift in Sources */,
				A53C5F5A2658559B0076CFF0 /* MessageViewModel.swift in Sources */,
				A48B038626AF8F7F00B7E300 /* MissionMapTitleAnnotation.swift in Sources */,
				A45B205426A248C6005492F8 /* CameraSettingsView.swift in Sources */,
				A4BB6D47269D122900D23FEE /* ConnectionViewModel.swift in Sources */,
				A55F21B4264DE5BF00659CD9 /* MapView.swift in Sources */,
				A411567726A6560900940420 /* TestMissions.swift in Sources */,
				A5F7450E264F3A0900A64432 /* TelemetryViewModel.swift in Sources */,
				A54C35A8265755C4007678CD /* CameraViewModel.swift in Sources */,
				C5E155E3265C698200D0A9FB /* VideoStreamPlayer.m in Sources */,
				A55F21C0264DE65000659CD9 /* Location.swift in Sources */,
				A54C35B72658317E007678CD /* MissionViewModel.swift in Sources */,
				A411567A26A7B12E00940420 /* MapViewCoordinator.swift in Sources */,
				A411568426A8A37100940420 /* Mission.swift in Sources */,
				A55F21CD264E0F8100659CD9 /* ActionsView.swift in Sources */,
				A55F21D5264EDAF900659CD9 /* VideoView.swift in Sources */,
				A54C35BC265845A6007678CD /* Action.swift in Sources */,
				A5F74509264F39EE00A64432 /* TelemetryView.swift in Sources */,
				A48B038226AF8F4900B7E300 /* DroneAnnotation.swift in Sources */,
				A5F70B92264DDDC20017AFC1 /* Mavsdk_Swift_ExampleApp.swift in Sources */,
				A48B037C26AF8D8D00B7E300 /* MissionMapTitleAnnotationView.swift in Sources */,
				A5B1757C265882D60094E2D2 /* VideoPlayerUIView.swift in Sources */,
				A54C35C126584A91007678CD /* TelemetryDetailViewModel.swift in Sources */,
				A411567426A655F500940420 /* MissionOperator.swift in Sources */,
				A4BB6D44269CF86100D23FEE /* ConnectionView.swift in Sources */,
				A5FEFEFF26534E2E007A6FCC /* TelemetryDetailView.swift in Sources */,
				A45B205026A23822005492F8 /* InfoRowView.swift in Sources */,
				A4BB6D4B269D449C00D23FEE /* CommLinkView.swift in Sources */,
				A55F21AC264DE55E00659CD9 /* PipView.swift in Sources */,
				A5F744FF264F248B00A64432 /* MapViewModel.swift in Sources */,
			);
			runOnlyForDeploymentPostprocessing = 0;
		};
/* End PBXSourcesBuildPhase section */

/* Begin XCBuildConfiguration section */
		A5F70BB1264DDDC40017AFC1 /* Debug */ = {
			isa = XCBuildConfiguration;
			buildSettings = {
				ALWAYS_SEARCH_USER_PATHS = NO;
				CLANG_ANALYZER_NONNULL = YES;
				CLANG_ANALYZER_NUMBER_OBJECT_CONVERSION = YES_AGGRESSIVE;
				CLANG_CXX_LANGUAGE_STANDARD = "gnu++14";
				CLANG_CXX_LIBRARY = "libc++";
				CLANG_ENABLE_MODULES = YES;
				CLANG_ENABLE_OBJC_ARC = YES;
				CLANG_ENABLE_OBJC_WEAK = YES;
				CLANG_WARN_BLOCK_CAPTURE_AUTORELEASING = YES;
				CLANG_WARN_BOOL_CONVERSION = YES;
				CLANG_WARN_COMMA = YES;
				CLANG_WARN_CONSTANT_CONVERSION = YES;
				CLANG_WARN_DEPRECATED_OBJC_IMPLEMENTATIONS = YES;
				CLANG_WARN_DIRECT_OBJC_ISA_USAGE = YES_ERROR;
				CLANG_WARN_DOCUMENTATION_COMMENTS = YES;
				CLANG_WARN_EMPTY_BODY = YES;
				CLANG_WARN_ENUM_CONVERSION = YES;
				CLANG_WARN_INFINITE_RECURSION = YES;
				CLANG_WARN_INT_CONVERSION = YES;
				CLANG_WARN_NON_LITERAL_NULL_CONVERSION = YES;
				CLANG_WARN_OBJC_IMPLICIT_RETAIN_SELF = YES;
				CLANG_WARN_OBJC_LITERAL_CONVERSION = YES;
				CLANG_WARN_OBJC_ROOT_CLASS = YES_ERROR;
				CLANG_WARN_QUOTED_INCLUDE_IN_FRAMEWORK_HEADER = YES;
				CLANG_WARN_RANGE_LOOP_ANALYSIS = YES;
				CLANG_WARN_STRICT_PROTOTYPES = YES;
				CLANG_WARN_SUSPICIOUS_MOVE = YES;
				CLANG_WARN_UNGUARDED_AVAILABILITY = YES_AGGRESSIVE;
				CLANG_WARN_UNREACHABLE_CODE = YES;
				CLANG_WARN__DUPLICATE_METHOD_MATCH = YES;
				COPY_PHASE_STRIP = NO;
				DEBUG_INFORMATION_FORMAT = dwarf;
				ENABLE_STRICT_OBJC_MSGSEND = YES;
				ENABLE_TESTABILITY = YES;
				GCC_C_LANGUAGE_STANDARD = gnu11;
				GCC_DYNAMIC_NO_PIC = NO;
				GCC_NO_COMMON_BLOCKS = YES;
				GCC_OPTIMIZATION_LEVEL = 0;
				GCC_PREPROCESSOR_DEFINITIONS = (
					"DEBUG=1",
					"$(inherited)",
				);
				GCC_WARN_64_TO_32_BIT_CONVERSION = YES;
				GCC_WARN_ABOUT_RETURN_TYPE = YES_ERROR;
				GCC_WARN_UNDECLARED_SELECTOR = YES;
				GCC_WARN_UNINITIALIZED_AUTOS = YES_AGGRESSIVE;
				GCC_WARN_UNUSED_FUNCTION = YES;
				GCC_WARN_UNUSED_VARIABLE = YES;
				IPHONEOS_DEPLOYMENT_TARGET = 13.0;
				MTL_ENABLE_DEBUG_INFO = INCLUDE_SOURCE;
				MTL_FAST_MATH = YES;
				ONLY_ACTIVE_ARCH = YES;
				SDKROOT = iphoneos;
				SWIFT_ACTIVE_COMPILATION_CONDITIONS = DEBUG;
				SWIFT_OPTIMIZATION_LEVEL = "-Onone";
			};
			name = Debug;
		};
		A5F70BB2264DDDC40017AFC1 /* Release */ = {
			isa = XCBuildConfiguration;
			buildSettings = {
				ALWAYS_SEARCH_USER_PATHS = NO;
				CLANG_ANALYZER_NONNULL = YES;
				CLANG_ANALYZER_NUMBER_OBJECT_CONVERSION = YES_AGGRESSIVE;
				CLANG_CXX_LANGUAGE_STANDARD = "gnu++14";
				CLANG_CXX_LIBRARY = "libc++";
				CLANG_ENABLE_MODULES = YES;
				CLANG_ENABLE_OBJC_ARC = YES;
				CLANG_ENABLE_OBJC_WEAK = YES;
				CLANG_WARN_BLOCK_CAPTURE_AUTORELEASING = YES;
				CLANG_WARN_BOOL_CONVERSION = YES;
				CLANG_WARN_COMMA = YES;
				CLANG_WARN_CONSTANT_CONVERSION = YES;
				CLANG_WARN_DEPRECATED_OBJC_IMPLEMENTATIONS = YES;
				CLANG_WARN_DIRECT_OBJC_ISA_USAGE = YES_ERROR;
				CLANG_WARN_DOCUMENTATION_COMMENTS = YES;
				CLANG_WARN_EMPTY_BODY = YES;
				CLANG_WARN_ENUM_CONVERSION = YES;
				CLANG_WARN_INFINITE_RECURSION = YES;
				CLANG_WARN_INT_CONVERSION = YES;
				CLANG_WARN_NON_LITERAL_NULL_CONVERSION = YES;
				CLANG_WARN_OBJC_IMPLICIT_RETAIN_SELF = YES;
				CLANG_WARN_OBJC_LITERAL_CONVERSION = YES;
				CLANG_WARN_OBJC_ROOT_CLASS = YES_ERROR;
				CLANG_WARN_QUOTED_INCLUDE_IN_FRAMEWORK_HEADER = YES;
				CLANG_WARN_RANGE_LOOP_ANALYSIS = YES;
				CLANG_WARN_STRICT_PROTOTYPES = YES;
				CLANG_WARN_SUSPICIOUS_MOVE = YES;
				CLANG_WARN_UNGUARDED_AVAILABILITY = YES_AGGRESSIVE;
				CLANG_WARN_UNREACHABLE_CODE = YES;
				CLANG_WARN__DUPLICATE_METHOD_MATCH = YES;
				COPY_PHASE_STRIP = NO;
				DEBUG_INFORMATION_FORMAT = "dwarf-with-dsym";
				ENABLE_NS_ASSERTIONS = NO;
				ENABLE_STRICT_OBJC_MSGSEND = YES;
				GCC_C_LANGUAGE_STANDARD = gnu11;
				GCC_NO_COMMON_BLOCKS = YES;
				GCC_WARN_64_TO_32_BIT_CONVERSION = YES;
				GCC_WARN_ABOUT_RETURN_TYPE = YES_ERROR;
				GCC_WARN_UNDECLARED_SELECTOR = YES;
				GCC_WARN_UNINITIALIZED_AUTOS = YES_AGGRESSIVE;
				GCC_WARN_UNUSED_FUNCTION = YES;
				GCC_WARN_UNUSED_VARIABLE = YES;
				IPHONEOS_DEPLOYMENT_TARGET = 13.0;
				MTL_ENABLE_DEBUG_INFO = NO;
				MTL_FAST_MATH = YES;
				SDKROOT = iphoneos;
				SWIFT_COMPILATION_MODE = wholemodule;
				SWIFT_OPTIMIZATION_LEVEL = "-O";
				VALIDATE_PRODUCT = YES;
			};
			name = Release;
		};
		A5F70BB4264DDDC40017AFC1 /* Debug */ = {
			isa = XCBuildConfiguration;
			buildSettings = {
				ASSETCATALOG_COMPILER_APPICON_NAME = AppIcon;
				ASSETCATALOG_COMPILER_GLOBAL_ACCENT_COLOR_NAME = AccentColor;
				CODE_SIGN_STYLE = Automatic;
				DEVELOPMENT_ASSET_PATHS = "\"Mavsdk-Swift-Example/Preview Content\"";
				DEVELOPMENT_TEAM = 75Z67E6SV2;
				ENABLE_PREVIEWS = YES;
				INFOPLIST_FILE = "Mavsdk-Swift-Example/Info.plist";
				IPHONEOS_DEPLOYMENT_TARGET = 14.0;
				LD_RUNPATH_SEARCH_PATHS = (
					"$(inherited)",
					"@executable_path/Frameworks",
				);
				PRODUCT_BUNDLE_IDENTIFIER = "com.Mavsdk-Swift-Example";
				PRODUCT_NAME = "$(TARGET_NAME)";
				SWIFT_OBJC_BRIDGING_HEADER = "Mavsdk-Swift-Example/Helpers/FFMpeg/RtspClient-Bridging-Header.h";
				SWIFT_VERSION = 5.0;
				TARGETED_DEVICE_FAMILY = "1,2";
			};
			name = Debug;
		};
		A5F70BB5264DDDC40017AFC1 /* Release */ = {
			isa = XCBuildConfiguration;
			buildSettings = {
				ASSETCATALOG_COMPILER_APPICON_NAME = AppIcon;
				ASSETCATALOG_COMPILER_GLOBAL_ACCENT_COLOR_NAME = AccentColor;
				CODE_SIGN_STYLE = Automatic;
				DEVELOPMENT_ASSET_PATHS = "\"Mavsdk-Swift-Example/Preview Content\"";
				DEVELOPMENT_TEAM = 75Z67E6SV2;
				ENABLE_PREVIEWS = YES;
				INFOPLIST_FILE = "Mavsdk-Swift-Example/Info.plist";
				IPHONEOS_DEPLOYMENT_TARGET = 14.0;
				LD_RUNPATH_SEARCH_PATHS = (
					"$(inherited)",
					"@executable_path/Frameworks",
				);
				PRODUCT_BUNDLE_IDENTIFIER = "com.Mavsdk-Swift-Example";
				PRODUCT_NAME = "$(TARGET_NAME)";
				SWIFT_OBJC_BRIDGING_HEADER = "Mavsdk-Swift-Example/Helpers/FFMpeg/RtspClient-Bridging-Header.h";
				SWIFT_VERSION = 5.0;
				TARGETED_DEVICE_FAMILY = "1,2";
			};
			name = Release;
		};
/* End XCBuildConfiguration section */

/* Begin XCConfigurationList section */
		A5F70B89264DDDC20017AFC1 /* Build configuration list for PBXProject "Mavsdk-Swift-Example" */ = {
			isa = XCConfigurationList;
			buildConfigurations = (
				A5F70BB1264DDDC40017AFC1 /* Debug */,
				A5F70BB2264DDDC40017AFC1 /* Release */,
			);
			defaultConfigurationIsVisible = 0;
			defaultConfigurationName = Release;
		};
		A5F70BB3264DDDC40017AFC1 /* Build configuration list for PBXNativeTarget "Mavsdk-Swift-Example" */ = {
			isa = XCConfigurationList;
			buildConfigurations = (
				A5F70BB4264DDDC40017AFC1 /* Debug */,
				A5F70BB5264DDDC40017AFC1 /* Release */,
			);
			defaultConfigurationIsVisible = 0;
			defaultConfigurationName = Release;
		};
/* End XCConfigurationList section */

/* Begin XCRemoteSwiftPackageReference section */
		A55F2205264EF68F00659CD9 /* XCRemoteSwiftPackageReference "FFmpeg-iOS" */ = {
			isa = XCRemoteSwiftPackageReference;
			repositoryURL = "https://github.com/kewlbear/FFmpeg-iOS";
			requirement = {
				kind = upToNextMajorVersion;
				minimumVersion = 0.0.3;
			};
		};
		C5D551C8267BC0DE00ECD14C /* XCRemoteSwiftPackageReference "MAVSDK-Swift" */ = {
			isa = XCRemoteSwiftPackageReference;
			repositoryURL = "https://github.com/esri/MAVSDK-Swift.git";
			requirement = {
				kind = exactVersion;
				version = 0.41.1;
			};
		};
/* End XCRemoteSwiftPackageReference section */

/* Begin XCSwiftPackageProductDependency section */
		A55F2206264EF68F00659CD9 /* FFmpeg-iOS */ = {
			isa = XCSwiftPackageProductDependency;
			package = A55F2205264EF68F00659CD9 /* XCRemoteSwiftPackageReference "FFmpeg-iOS" */;
			productName = "FFmpeg-iOS";
		};
		C5D551C9267BC0DE00ECD14C /* Mavsdk */ = {
			isa = XCSwiftPackageProductDependency;
			package = C5D551C8267BC0DE00ECD14C /* XCRemoteSwiftPackageReference "MAVSDK-Swift" */;
			productName = Mavsdk;
		};
		C5D551CB267BC0DE00ECD14C /* MavsdkServer */ = {
			isa = XCSwiftPackageProductDependency;
			package = C5D551C8267BC0DE00ECD14C /* XCRemoteSwiftPackageReference "MAVSDK-Swift" */;
			productName = MavsdkServer;
		};
/* End XCSwiftPackageProductDependency section */
	};
	rootObject = A5F70B86264DDDC20017AFC1 /* Project object */;
}
