// !$*UTF8*$!
{
	archiveVersion = 1;
	classes = {
	};
	objectVersion = 51;
	objects = {

/* Begin PBXBuildFile section */
		066AE6802087DA4AB63C16A6 /* SiteScanViewModel.swift in Sources */ = {isa = PBXBuildFile; fileRef = 5B64515C1705F3ED411CC20F /* SiteScanViewModel.swift */; };
		079EE435F92744E8AE189B59 /* TestMissions.swift in Sources */ = {isa = PBXBuildFile; fileRef = 78FA34081F19398D96870C1A /* TestMissions.swift */; };
		090DCF937CF9CCD7154A1E02 /* Mavsdk_Swift_ExampleApp.swift in Sources */ = {isa = PBXBuildFile; fileRef = C3AC4FE28A7CBF7132DF36DE /* Mavsdk_Swift_ExampleApp.swift */; };
		0FE1588B41605FDEFDC1061F /* MessageViewModel.swift in Sources */ = {isa = PBXBuildFile; fileRef = 0D25ACADA863C483184F47B4 /* MessageViewModel.swift */; };
		1858C5E348BAB696DEB14ED8 /* PipView.swift in Sources */ = {isa = PBXBuildFile; fileRef = 739616E057B5125CDA9BED06 /* PipView.swift */; };
		1B2F1FB9FBB6FF555A8FFBE8 /* SiteScanView.swift in Sources */ = {isa = PBXBuildFile; fileRef = 1761F6DEE403581B00100EAF /* SiteScanView.swift */; };
		1FB08494DF39D9C05A880A95 /* Assets.xcassets in Resources */ = {isa = PBXBuildFile; fileRef = E2568C6542102D291890CA7B /* Assets.xcassets */; };
		24312D45DDC08F49B62E4A31 /* CameraSettingsViewModel.swift in Sources */ = {isa = PBXBuildFile; fileRef = E1C498B1C9FD666F11358589 /* CameraSettingsViewModel.swift */; };
		27BC0E82C382A2C5A056BB28 /* CameraView.swift in Sources */ = {isa = PBXBuildFile; fileRef = 567EFDB7983F291D559008F9 /* CameraView.swift */; };
		2CF1D3DB645230C8A5CDB3E1 /* ConnectionView.swift in Sources */ = {isa = PBXBuildFile; fileRef = E5B616A41294F168E3CA357F /* ConnectionView.swift */; };
		2F2BF30E20DDE5A1B7511709 /* CommLinkView.swift in Sources */ = {isa = PBXBuildFile; fileRef = 62011ED6C916169BB684EAB7 /* CommLinkView.swift */; };
		30A3B168191523772AC772AF /* VideoPlayerUIView.swift in Sources */ = {isa = PBXBuildFile; fileRef = F11A83E5A03A09B15541A691 /* VideoPlayerUIView.swift */; };
		313AE4BBE8D2F992E170EB0B /* InfoRowView.swift in Sources */ = {isa = PBXBuildFile; fileRef = DB4FAE470CF33EB063EE5E57 /* InfoRowView.swift */; };
		3886ED47F8A4DAEB57FD0B2B /* ActionsViewModel.swift in Sources */ = {isa = PBXBuildFile; fileRef = E426A2441B20CE09E7DF5CEB /* ActionsViewModel.swift */; };
		3BB7230B357879EF06BD5249 /* Action.swift in Sources */ = {isa = PBXBuildFile; fileRef = 9A1438FE54E2EF84A69F0723 /* Action.swift */; };
		3C77B550296DDFC517864006 /* FFmpeg-iOS in Frameworks */ = {isa = PBXBuildFile; productRef = 66E7160975B8D408C194EFFC /* FFmpeg-iOS */; };
		40C89A33BE406D79D48A0B22 /* ActionsView.swift in Sources */ = {isa = PBXBuildFile; fileRef = 083B84754132D72C032BC2E6 /* ActionsView.swift */; };
		4560901025F21AEFB73454E9 /* MavsdkDrone.swift in Sources */ = {isa = PBXBuildFile; fileRef = E02678AA3B557F93C1123054 /* MavsdkDrone.swift */; };
		54B41A60BF1D0A093FF05C6B /* RTSPView.swift in Sources */ = {isa = PBXBuildFile; fileRef = 50127B429DE6995D46180FAA /* RTSPView.swift */; };
		65FE25595301BE341D35C554 /* Mission.swift in Sources */ = {isa = PBXBuildFile; fileRef = 2F1DE8CB7F9AB66D6D069D46 /* Mission.swift */; };
		690C88FFB4011B363608A738 /* MavsdkServer in Frameworks */ = {isa = PBXBuildFile; productRef = 5D524256F76102C17B7B5042 /* MavsdkServer */; };
		6AB9B4A29F6D6827B89B1042 /* VideoView.swift in Sources */ = {isa = PBXBuildFile; fileRef = 2129F4F63A0BD23EB9CB38C6 /* VideoView.swift */; };
		70F75928611CE38A726097A0 /* MissionMenuView.swift in Sources */ = {isa = PBXBuildFile; fileRef = F66CED9A2F509B67491DF2CF /* MissionMenuView.swift */; };
		74034B4A057DC924B3932B61 /* MissionMapTitleAnnotation.swift in Sources */ = {isa = PBXBuildFile; fileRef = 7BC239D11CFEC229D37D0A37 /* MissionMapTitleAnnotation.swift */; };
		770E88A682D4CE2220DDE9FB /* DroneAnnotation.swift in Sources */ = {isa = PBXBuildFile; fileRef = 323A7FC4B5799DC8321A976D /* DroneAnnotation.swift */; };
		78057093C0501BE1C71A941C /* Location.swift in Sources */ = {isa = PBXBuildFile; fileRef = 8C958FDF34D24E582B1CD6F9 /* Location.swift */; };
		7C4CAC4CD76F31F0446C10E2 /* ConnectionViewModel.swift in Sources */ = {isa = PBXBuildFile; fileRef = C5C70E57A82ABE626B414EBE /* ConnectionViewModel.swift */; };
		7F46D2AEEA2240BF81DE63C9 /* CameraSettingsView.swift in Sources */ = {isa = PBXBuildFile; fileRef = 41C80E80B483D1038E925820 /* CameraSettingsView.swift */; };
		87929DACC4C22CCD73EEDB53 /* MissionViewModel.swift in Sources */ = {isa = PBXBuildFile; fileRef = BA39D1D0964502B7FCCB5357 /* MissionViewModel.swift */; };
		906C68C3D6259F13A56DA1EE /* MenuView.swift in Sources */ = {isa = PBXBuildFile; fileRef = 7518B46A8585DBC9EE98A35F /* MenuView.swift */; };
		927D19C69907ED0C1C7D356F /* TelemetryDetailView.swift in Sources */ = {isa = PBXBuildFile; fileRef = D82C822C555B3215FEE713A1 /* TelemetryDetailView.swift */; };
		95EEC29252052050F6172CFB /* MissionOperator.swift in Sources */ = {isa = PBXBuildFile; fileRef = 11CBBDD42BAFC707379C8629 /* MissionOperator.swift */; };
		9A1423F92FDB6E7B8FC20A41 /* CameraViewModel.swift in Sources */ = {isa = PBXBuildFile; fileRef = DA022A83A7FE2AF094CBB5F9 /* CameraViewModel.swift */; };
		9A96C9930204B1CDB90A6179 /* Mavsdk in Frameworks */ = {isa = PBXBuildFile; productRef = E94C0CF43BAEA9D0CC387ED2 /* Mavsdk */; };
		9EB0A9E4E415DF53893177BD /* MissionMapTitleAnnotationView.swift in Sources */ = {isa = PBXBuildFile; fileRef = 98CA6647B2A917D8BBE7FCE6 /* MissionMapTitleAnnotationView.swift */; };
		A6C9511242FC1F46912B61DF /* Preview Assets.xcassets in Resources */ = {isa = PBXBuildFile; fileRef = FEDCC3A303EE575575142562 /* Preview Assets.xcassets */; };
		A7875E7BB26FFF0DE8930397 /* MapViewModel.swift in Sources */ = {isa = PBXBuildFile; fileRef = C2FDF7AB39AA1924294850CE /* MapViewModel.swift */; };
		A8445107FA36EEE04409111D /* MapViewCoordinator.swift in Sources */ = {isa = PBXBuildFile; fileRef = 699A1CA3A2E4289733ED3B9F /* MapViewCoordinator.swift */; };
		A856B3BAAD4E4E1633C155EE /* CameraSettingsOptionsView.swift in Sources */ = {isa = PBXBuildFile; fileRef = EA2EEC22B8907F5E7AB77050 /* CameraSettingsOptionsView.swift */; };
		AACDDE43791EEDF873BC91BD /* DroneAnnotationView.swift in Sources */ = {isa = PBXBuildFile; fileRef = BD0428D078635AB5455AF1D6 /* DroneAnnotationView.swift */; };
		AC9D85984B4ED4F791B4E44C /* TelemetryDetailViewModel.swift in Sources */ = {isa = PBXBuildFile; fileRef = 187FD2480E0AC1C8EC7007CE /* TelemetryDetailViewModel.swift */; };
		B58B0EA47E40DF550F89D397 /* MainView.swift in Sources */ = {isa = PBXBuildFile; fileRef = 683D06124EDA012151745425 /* MainView.swift */; };
		D13E9EE33D831A4E42719A9D /* TelemetryView.swift in Sources */ = {isa = PBXBuildFile; fileRef = FD97D3BD5690E2EC20398D34 /* TelemetryView.swift */; };
		DA6F3E1842AAE6141C33835D /* SiteScanMavsdk.swift in Sources */ = {isa = PBXBuildFile; fileRef = B240779A79B2A46695E7AE4C /* SiteScanMavsdk.swift */; };
		EA37F42CBA6CF0714845CA0E /* PipViewModel.swift in Sources */ = {isa = PBXBuildFile; fileRef = BE602615F8C4AA55DA6940BF /* PipViewModel.swift */; };
		EE28E8B85D9F8D99F3534A4D /* VideoStreamPlayer.m in Sources */ = {isa = PBXBuildFile; fileRef = 46719560F86A20D2E66EBDB3 /* VideoStreamPlayer.m */; };
		F6F39556898E7B30F7318572 /* TelemetryViewModel.swift in Sources */ = {isa = PBXBuildFile; fileRef = B2ADEA80F5977561CE445C1F /* TelemetryViewModel.swift */; };
		F824F9EC7F42CC417AFF1057 /* MapView.swift in Sources */ = {isa = PBXBuildFile; fileRef = 7E90E274164AD53D9AA26BE7 /* MapView.swift */; };
/* End PBXBuildFile section */

/* Begin PBXFileReference section */
		083B84754132D72C032BC2E6 /* ActionsView.swift */ = {isa = PBXFileReference; lastKnownFileType = sourcecode.swift; path = ActionsView.swift; sourceTree = "<group>"; };
		0D25ACADA863C483184F47B4 /* MessageViewModel.swift */ = {isa = PBXFileReference; lastKnownFileType = sourcecode.swift; path = MessageViewModel.swift; sourceTree = "<group>"; };
		11CBBDD42BAFC707379C8629 /* MissionOperator.swift */ = {isa = PBXFileReference; lastKnownFileType = sourcecode.swift; path = MissionOperator.swift; sourceTree = "<group>"; };
		1761F6DEE403581B00100EAF /* SiteScanView.swift */ = {isa = PBXFileReference; lastKnownFileType = sourcecode.swift; path = SiteScanView.swift; sourceTree = "<group>"; };
		187FD2480E0AC1C8EC7007CE /* TelemetryDetailViewModel.swift */ = {isa = PBXFileReference; lastKnownFileType = sourcecode.swift; path = TelemetryDetailViewModel.swift; sourceTree = "<group>"; };
		2129F4F63A0BD23EB9CB38C6 /* VideoView.swift */ = {isa = PBXFileReference; lastKnownFileType = sourcecode.swift; path = VideoView.swift; sourceTree = "<group>"; };
		2F1DE8CB7F9AB66D6D069D46 /* Mission.swift */ = {isa = PBXFileReference; lastKnownFileType = sourcecode.swift; path = Mission.swift; sourceTree = "<group>"; };
		323A7FC4B5799DC8321A976D /* DroneAnnotation.swift */ = {isa = PBXFileReference; lastKnownFileType = sourcecode.swift; path = DroneAnnotation.swift; sourceTree = "<group>"; };
		3C9180647D22CEAAF1F2CF1C /* RtspClient-Bridging-Header.h */ = {isa = PBXFileReference; lastKnownFileType = sourcecode.c.h; path = "RtspClient-Bridging-Header.h"; sourceTree = "<group>"; };
		41C80E80B483D1038E925820 /* CameraSettingsView.swift */ = {isa = PBXFileReference; lastKnownFileType = sourcecode.swift; path = CameraSettingsView.swift; sourceTree = "<group>"; };
		46719560F86A20D2E66EBDB3 /* VideoStreamPlayer.m */ = {isa = PBXFileReference; lastKnownFileType = sourcecode.c.objc; path = VideoStreamPlayer.m; sourceTree = "<group>"; };
		50127B429DE6995D46180FAA /* RTSPView.swift */ = {isa = PBXFileReference; lastKnownFileType = sourcecode.swift; path = RTSPView.swift; sourceTree = "<group>"; };
		567EFDB7983F291D559008F9 /* CameraView.swift */ = {isa = PBXFileReference; lastKnownFileType = sourcecode.swift; path = CameraView.swift; sourceTree = "<group>"; };
		5B64515C1705F3ED411CC20F /* SiteScanViewModel.swift */ = {isa = PBXFileReference; lastKnownFileType = sourcecode.swift; path = SiteScanViewModel.swift; sourceTree = "<group>"; };
		62011ED6C916169BB684EAB7 /* CommLinkView.swift */ = {isa = PBXFileReference; lastKnownFileType = sourcecode.swift; path = CommLinkView.swift; sourceTree = "<group>"; };
		683D06124EDA012151745425 /* MainView.swift */ = {isa = PBXFileReference; lastKnownFileType = sourcecode.swift; path = MainView.swift; sourceTree = "<group>"; };
		699A1CA3A2E4289733ED3B9F /* MapViewCoordinator.swift */ = {isa = PBXFileReference; lastKnownFileType = sourcecode.swift; path = MapViewCoordinator.swift; sourceTree = "<group>"; };
		739616E057B5125CDA9BED06 /* PipView.swift */ = {isa = PBXFileReference; lastKnownFileType = sourcecode.swift; path = PipView.swift; sourceTree = "<group>"; };
		7518B46A8585DBC9EE98A35F /* MenuView.swift */ = {isa = PBXFileReference; lastKnownFileType = sourcecode.swift; path = MenuView.swift; sourceTree = "<group>"; };
		78FA34081F19398D96870C1A /* TestMissions.swift */ = {isa = PBXFileReference; lastKnownFileType = sourcecode.swift; path = TestMissions.swift; sourceTree = "<group>"; };
		7BC239D11CFEC229D37D0A37 /* MissionMapTitleAnnotation.swift */ = {isa = PBXFileReference; lastKnownFileType = sourcecode.swift; path = MissionMapTitleAnnotation.swift; sourceTree = "<group>"; };
		7E90E274164AD53D9AA26BE7 /* MapView.swift */ = {isa = PBXFileReference; lastKnownFileType = sourcecode.swift; path = MapView.swift; sourceTree = "<group>"; };
		8C958FDF34D24E582B1CD6F9 /* Location.swift */ = {isa = PBXFileReference; lastKnownFileType = sourcecode.swift; path = Location.swift; sourceTree = "<group>"; };
		98CA6647B2A917D8BBE7FCE6 /* MissionMapTitleAnnotationView.swift */ = {isa = PBXFileReference; lastKnownFileType = sourcecode.swift; path = MissionMapTitleAnnotationView.swift; sourceTree = "<group>"; };
		9A1438FE54E2EF84A69F0723 /* Action.swift */ = {isa = PBXFileReference; lastKnownFileType = sourcecode.swift; path = Action.swift; sourceTree = "<group>"; };
		B240779A79B2A46695E7AE4C /* SiteScanMavsdk.swift */ = {isa = PBXFileReference; lastKnownFileType = sourcecode.swift; path = SiteScanMavsdk.swift; sourceTree = "<group>"; };
		B2ADEA80F5977561CE445C1F /* TelemetryViewModel.swift */ = {isa = PBXFileReference; lastKnownFileType = sourcecode.swift; path = TelemetryViewModel.swift; sourceTree = "<group>"; };
		B59D0FFF057331D5D57BAC76 /* MAVSDK_Swift_Example.app */ = {isa = PBXFileReference; includeInIndex = 0; lastKnownFileType = wrapper.application; path = MAVSDK_Swift_Example.app; sourceTree = BUILT_PRODUCTS_DIR; };
		BA39D1D0964502B7FCCB5357 /* MissionViewModel.swift */ = {isa = PBXFileReference; lastKnownFileType = sourcecode.swift; path = MissionViewModel.swift; sourceTree = "<group>"; };
		BD0428D078635AB5455AF1D6 /* DroneAnnotationView.swift */ = {isa = PBXFileReference; lastKnownFileType = sourcecode.swift; path = DroneAnnotationView.swift; sourceTree = "<group>"; };
		BD9F1E2D1549A89626D3367A /* Info.plist */ = {isa = PBXFileReference; lastKnownFileType = text.plist; path = Info.plist; sourceTree = "<group>"; };
		BE602615F8C4AA55DA6940BF /* PipViewModel.swift */ = {isa = PBXFileReference; lastKnownFileType = sourcecode.swift; path = PipViewModel.swift; sourceTree = "<group>"; };
		C02B0B808DB955CF1DBA5A85 /* VideoStreamPlayer.h */ = {isa = PBXFileReference; lastKnownFileType = sourcecode.c.h; path = VideoStreamPlayer.h; sourceTree = "<group>"; };
		C2FDF7AB39AA1924294850CE /* MapViewModel.swift */ = {isa = PBXFileReference; lastKnownFileType = sourcecode.swift; path = MapViewModel.swift; sourceTree = "<group>"; };
		C3AC4FE28A7CBF7132DF36DE /* Mavsdk_Swift_ExampleApp.swift */ = {isa = PBXFileReference; lastKnownFileType = sourcecode.swift; path = Mavsdk_Swift_ExampleApp.swift; sourceTree = "<group>"; };
		C5C70E57A82ABE626B414EBE /* ConnectionViewModel.swift */ = {isa = PBXFileReference; lastKnownFileType = sourcecode.swift; path = ConnectionViewModel.swift; sourceTree = "<group>"; };
		D82C822C555B3215FEE713A1 /* TelemetryDetailView.swift */ = {isa = PBXFileReference; lastKnownFileType = sourcecode.swift; path = TelemetryDetailView.swift; sourceTree = "<group>"; };
		DA022A83A7FE2AF094CBB5F9 /* CameraViewModel.swift */ = {isa = PBXFileReference; lastKnownFileType = sourcecode.swift; path = CameraViewModel.swift; sourceTree = "<group>"; };
		DB4FAE470CF33EB063EE5E57 /* InfoRowView.swift */ = {isa = PBXFileReference; lastKnownFileType = sourcecode.swift; path = InfoRowView.swift; sourceTree = "<group>"; };
		E02678AA3B557F93C1123054 /* MavsdkDrone.swift */ = {isa = PBXFileReference; lastKnownFileType = sourcecode.swift; path = MavsdkDrone.swift; sourceTree = "<group>"; };
		E1C498B1C9FD666F11358589 /* CameraSettingsViewModel.swift */ = {isa = PBXFileReference; lastKnownFileType = sourcecode.swift; path = CameraSettingsViewModel.swift; sourceTree = "<group>"; };
		E2568C6542102D291890CA7B /* Assets.xcassets */ = {isa = PBXFileReference; lastKnownFileType = folder.assetcatalog; path = Assets.xcassets; sourceTree = "<group>"; };
		E426A2441B20CE09E7DF5CEB /* ActionsViewModel.swift */ = {isa = PBXFileReference; lastKnownFileType = sourcecode.swift; path = ActionsViewModel.swift; sourceTree = "<group>"; };
		E5B616A41294F168E3CA357F /* ConnectionView.swift */ = {isa = PBXFileReference; lastKnownFileType = sourcecode.swift; path = ConnectionView.swift; sourceTree = "<group>"; };
		EA2EEC22B8907F5E7AB77050 /* CameraSettingsOptionsView.swift */ = {isa = PBXFileReference; lastKnownFileType = sourcecode.swift; path = CameraSettingsOptionsView.swift; sourceTree = "<group>"; };
		F11A83E5A03A09B15541A691 /* VideoPlayerUIView.swift */ = {isa = PBXFileReference; lastKnownFileType = sourcecode.swift; path = VideoPlayerUIView.swift; sourceTree = "<group>"; };
		F66CED9A2F509B67491DF2CF /* MissionMenuView.swift */ = {isa = PBXFileReference; lastKnownFileType = sourcecode.swift; path = MissionMenuView.swift; sourceTree = "<group>"; };
		FD97D3BD5690E2EC20398D34 /* TelemetryView.swift */ = {isa = PBXFileReference; lastKnownFileType = sourcecode.swift; path = TelemetryView.swift; sourceTree = "<group>"; };
		FEDCC3A303EE575575142562 /* Preview Assets.xcassets */ = {isa = PBXFileReference; lastKnownFileType = folder.assetcatalog; path = "Preview Assets.xcassets"; sourceTree = "<group>"; };
/* End PBXFileReference section */

/* Begin PBXFrameworksBuildPhase section */
		33E1D5560B81C3D335F0ADFB /* Frameworks */ = {
			isa = PBXFrameworksBuildPhase;
			buildActionMask = 2147483647;
			files = (
				9A96C9930204B1CDB90A6179 /* Mavsdk in Frameworks */,
				690C88FFB4011B363608A738 /* MavsdkServer in Frameworks */,
				3C77B550296DDFC517864006 /* FFmpeg-iOS in Frameworks */,
			);
			runOnlyForDeploymentPostprocessing = 0;
		};
/* End PBXFrameworksBuildPhase section */

/* Begin PBXGroup section */
		168EE94D1F00C296E134C256 /* MAVSDK-Swift-Example */ = {
			isa = PBXGroup;
			children = (
				E2568C6542102D291890CA7B /* Assets.xcassets */,
				BD9F1E2D1549A89626D3367A /* Info.plist */,
				C3AC4FE28A7CBF7132DF36DE /* Mavsdk_Swift_ExampleApp.swift */,
				61FEC5302EC21B7ED12FFDE2 /* App */,
				510EBC5E3A18A7C9005A61F1 /* Helpers */,
				81F21F8E3B76E45419DBCFCA /* Mavsdk */,
				CD13E686640A038ACF9778CA /* Models */,
				7330639604086733F5C3AE57 /* Preview Content */,
				53320AC65452F1A65E75E40B /* Views */,
			);
			path = "MAVSDK-Swift-Example";
			sourceTree = "<group>";
		};
		1D3722290A418B4D3E2A17E1 /* Video */ = {
			isa = PBXGroup;
			children = (
				F11A83E5A03A09B15541A691 /* VideoPlayerUIView.swift */,
				2129F4F63A0BD23EB9CB38C6 /* VideoView.swift */,
			);
			path = Video;
			sourceTree = "<group>";
		};
		237E1BA20529DFF287FA9115 /* Connection */ = {
			isa = PBXGroup;
			children = (
				62011ED6C916169BB684EAB7 /* CommLinkView.swift */,
				E5B616A41294F168E3CA357F /* ConnectionView.swift */,
				C5C70E57A82ABE626B414EBE /* ConnectionViewModel.swift */,
			);
			path = Connection;
			sourceTree = "<group>";
		};
		2FF97E7AE7952EBF48194F4D /* Pip */ = {
			isa = PBXGroup;
			children = (
				739616E057B5125CDA9BED06 /* PipView.swift */,
				BE602615F8C4AA55DA6940BF /* PipViewModel.swift */,
			);
			path = Pip;
			sourceTree = "<group>";
		};
		37972E4444D3AB984AFA7E4D /* Camera */ = {
			isa = PBXGroup;
			children = (
				EA2EEC22B8907F5E7AB77050 /* CameraSettingsOptionsView.swift */,
				41C80E80B483D1038E925820 /* CameraSettingsView.swift */,
				E1C498B1C9FD666F11358589 /* CameraSettingsViewModel.swift */,
				567EFDB7983F291D559008F9 /* CameraView.swift */,
				DA022A83A7FE2AF094CBB5F9 /* CameraViewModel.swift */,
			);
			path = Camera;
			sourceTree = "<group>";
		};
		4A074A602D94E158A2DD9D5E /* Menu */ = {
			isa = PBXGroup;
			children = (
				7518B46A8585DBC9EE98A35F /* MenuView.swift */,
				B2AAAA22C960D280B5D2D3EE /* Actions */,
				37972E4444D3AB984AFA7E4D /* Camera */,
				A33CE42928B53F8422A99619 /* Mission */,
				5DA6FC774538A9D5105BFB3F /* SiteScan */,
				BBE6AF9EB42CBBBBF31F016E /* Telemetry */,
			);
			path = Menu;
			sourceTree = "<group>";
		};
		510EBC5E3A18A7C9005A61F1 /* Helpers */ = {
			isa = PBXGroup;
			children = (
				63CE1D12708987B092604C3F /* FFMpeg */,
			);
			path = Helpers;
			sourceTree = "<group>";
		};
		53320AC65452F1A65E75E40B /* Views */ = {
			isa = PBXGroup;
			children = (
				DB4FAE470CF33EB063EE5E57 /* InfoRowView.swift */,
			);
			path = Views;
			sourceTree = "<group>";
		};
		5368BC1052B50399AD694C94 /* TelemetryDetail */ = {
			isa = PBXGroup;
			children = (
				0D25ACADA863C483184F47B4 /* MessageViewModel.swift */,
				D82C822C555B3215FEE713A1 /* TelemetryDetailView.swift */,
				187FD2480E0AC1C8EC7007CE /* TelemetryDetailViewModel.swift */,
			);
			path = TelemetryDetail;
			sourceTree = "<group>";
		};
		5DA6FC774538A9D5105BFB3F /* SiteScan */ = {
			isa = PBXGroup;
			children = (
				B240779A79B2A46695E7AE4C /* SiteScanMavsdk.swift */,
				1761F6DEE403581B00100EAF /* SiteScanView.swift */,
				5B64515C1705F3ED411CC20F /* SiteScanViewModel.swift */,
			);
			path = SiteScan;
			sourceTree = "<group>";
		};
		61FEC5302EC21B7ED12FFDE2 /* App */ = {
			isa = PBXGroup;
			children = (
				683D06124EDA012151745425 /* MainView.swift */,
				237E1BA20529DFF287FA9115 /* Connection */,
				E8A705423665CCC30C875982 /* Map */,
				4A074A602D94E158A2DD9D5E /* Menu */,
				2FF97E7AE7952EBF48194F4D /* Pip */,
				5368BC1052B50399AD694C94 /* TelemetryDetail */,
				1D3722290A418B4D3E2A17E1 /* Video */,
			);
			path = App;
			sourceTree = "<group>";
		};
		63CE1D12708987B092604C3F /* FFMpeg */ = {
			isa = PBXGroup;
			children = (
				3C9180647D22CEAAF1F2CF1C /* RtspClient-Bridging-Header.h */,
				50127B429DE6995D46180FAA /* RTSPView.swift */,
				C02B0B808DB955CF1DBA5A85 /* VideoStreamPlayer.h */,
				46719560F86A20D2E66EBDB3 /* VideoStreamPlayer.m */,
			);
			path = FFMpeg;
			sourceTree = "<group>";
		};
		7330639604086733F5C3AE57 /* Preview Content */ = {
			isa = PBXGroup;
			children = (
				FEDCC3A303EE575575142562 /* Preview Assets.xcassets */,
			);
			path = "Preview Content";
			sourceTree = "<group>";
		};
		75D30BE1C7BA0F74577E0CBD /* MapOverlays */ = {
			isa = PBXGroup;
			children = (
				323A7FC4B5799DC8321A976D /* DroneAnnotation.swift */,
				BD0428D078635AB5455AF1D6 /* DroneAnnotationView.swift */,
				7BC239D11CFEC229D37D0A37 /* MissionMapTitleAnnotation.swift */,
				98CA6647B2A917D8BBE7FCE6 /* MissionMapTitleAnnotationView.swift */,
			);
			path = MapOverlays;
			sourceTree = "<group>";
		};
		81F21F8E3B76E45419DBCFCA /* Mavsdk */ = {
			isa = PBXGroup;
			children = (
				E02678AA3B557F93C1123054 /* MavsdkDrone.swift */,
			);
			path = Mavsdk;
			sourceTree = "<group>";
		};
		A33CE42928B53F8422A99619 /* Mission */ = {
			isa = PBXGroup;
			children = (
				2F1DE8CB7F9AB66D6D069D46 /* Mission.swift */,
				F66CED9A2F509B67491DF2CF /* MissionMenuView.swift */,
				11CBBDD42BAFC707379C8629 /* MissionOperator.swift */,
				BA39D1D0964502B7FCCB5357 /* MissionViewModel.swift */,
				78FA34081F19398D96870C1A /* TestMissions.swift */,
			);
			path = Mission;
			sourceTree = "<group>";
		};
		B2AAAA22C960D280B5D2D3EE /* Actions */ = {
			isa = PBXGroup;
			children = (
				083B84754132D72C032BC2E6 /* ActionsView.swift */,
				E426A2441B20CE09E7DF5CEB /* ActionsViewModel.swift */,
			);
			path = Actions;
			sourceTree = "<group>";
		};
		B571466F62073C7FB3A01333 /* Products */ = {
			isa = PBXGroup;
			children = (
				B59D0FFF057331D5D57BAC76 /* MAVSDK_Swift_Example.app */,
			);
			name = Products;
			sourceTree = "<group>";
		};
		BBE6AF9EB42CBBBBF31F016E /* Telemetry */ = {
			isa = PBXGroup;
			children = (
				FD97D3BD5690E2EC20398D34 /* TelemetryView.swift */,
				B2ADEA80F5977561CE445C1F /* TelemetryViewModel.swift */,
			);
			path = Telemetry;
			sourceTree = "<group>";
		};
		CC2CB05775BEE2E2A503EB86 = {
			isa = PBXGroup;
			children = (
				168EE94D1F00C296E134C256 /* MAVSDK-Swift-Example */,
				B571466F62073C7FB3A01333 /* Products */,
			);
			sourceTree = "<group>";
		};
		CD13E686640A038ACF9778CA /* Models */ = {
			isa = PBXGroup;
			children = (
				9A1438FE54E2EF84A69F0723 /* Action.swift */,
				8C958FDF34D24E582B1CD6F9 /* Location.swift */,
			);
			path = Models;
			sourceTree = "<group>";
		};
		E8A705423665CCC30C875982 /* Map */ = {
			isa = PBXGroup;
			children = (
				7E90E274164AD53D9AA26BE7 /* MapView.swift */,
				699A1CA3A2E4289733ED3B9F /* MapViewCoordinator.swift */,
				C2FDF7AB39AA1924294850CE /* MapViewModel.swift */,
				75D30BE1C7BA0F74577E0CBD /* MapOverlays */,
			);
			path = Map;
			sourceTree = "<group>";
		};
/* End PBXGroup section */

/* Begin PBXNativeTarget section */
		F88B4B1221E084913CD9CC11 /* MAVSDK_Swift_Example */ = {
			isa = PBXNativeTarget;
			buildConfigurationList = 46AA6F84F0B2013BAAE4118B /* Build configuration list for PBXNativeTarget "MAVSDK_Swift_Example" */;
			buildPhases = (
				DE1D23245708823B99454635 /* Sources */,
				EEE67A0B1CED57C29DD71DF0 /* Resources */,
				33E1D5560B81C3D335F0ADFB /* Frameworks */,
			);
			buildRules = (
			);
			dependencies = (
			);
			name = MAVSDK_Swift_Example;
			packageProductDependencies = (
				E94C0CF43BAEA9D0CC387ED2 /* Mavsdk */,
				5D524256F76102C17B7B5042 /* MavsdkServer */,
				66E7160975B8D408C194EFFC /* FFmpeg-iOS */,
			);
			productName = MAVSDK_Swift_Example;
			productReference = B59D0FFF057331D5D57BAC76 /* MAVSDK_Swift_Example.app */;
			productType = "com.apple.product-type.application";
		};
/* End PBXNativeTarget section */

/* Begin PBXProject section */
		84CEAC934EAED2D85CD73735 /* Project object */ = {
			isa = PBXProject;
			attributes = {
				LastUpgradeCheck = 1020;
				TargetAttributes = {
				};
			};
			buildConfigurationList = 8585D655B02EC6BA44C1F8D0 /* Build configuration list for PBXProject "MAVSDK-Swift-Example" */;
			compatibilityVersion = "Xcode 10.0";
			developmentRegion = en;
			hasScannedForEncodings = 0;
			knownRegions = (
				en,
			);
			mainGroup = CC2CB05775BEE2E2A503EB86;
			packageReferences = (
				950B5940C5F0E28AEB85A825 /* XCRemoteSwiftPackageReference "FFmpeg-iOS" */,
				28BF20C926F10596F57C84BF /* XCRemoteSwiftPackageReference "MAVSDK-Swift" */,
			);
			projectDirPath = "";
			projectRoot = "";
			targets = (
				F88B4B1221E084913CD9CC11 /* MAVSDK_Swift_Example */,
			);
		};
/* End PBXProject section */

/* Begin PBXResourcesBuildPhase section */
		EEE67A0B1CED57C29DD71DF0 /* Resources */ = {
			isa = PBXResourcesBuildPhase;
			buildActionMask = 2147483647;
			files = (
				1FB08494DF39D9C05A880A95 /* Assets.xcassets in Resources */,
				A6C9511242FC1F46912B61DF /* Preview Assets.xcassets in Resources */,
			);
			runOnlyForDeploymentPostprocessing = 0;
		};
/* End PBXResourcesBuildPhase section */

/* Begin PBXSourcesBuildPhase section */
		DE1D23245708823B99454635 /* Sources */ = {
			isa = PBXSourcesBuildPhase;
			buildActionMask = 2147483647;
			files = (
				3BB7230B357879EF06BD5249 /* Action.swift in Sources */,
				40C89A33BE406D79D48A0B22 /* ActionsView.swift in Sources */,
				3886ED47F8A4DAEB57FD0B2B /* ActionsViewModel.swift in Sources */,
				A856B3BAAD4E4E1633C155EE /* CameraSettingsOptionsView.swift in Sources */,
				7F46D2AEEA2240BF81DE63C9 /* CameraSettingsView.swift in Sources */,
				24312D45DDC08F49B62E4A31 /* CameraSettingsViewModel.swift in Sources */,
				27BC0E82C382A2C5A056BB28 /* CameraView.swift in Sources */,
				9A1423F92FDB6E7B8FC20A41 /* CameraViewModel.swift in Sources */,
				2F2BF30E20DDE5A1B7511709 /* CommLinkView.swift in Sources */,
				2CF1D3DB645230C8A5CDB3E1 /* ConnectionView.swift in Sources */,
				7C4CAC4CD76F31F0446C10E2 /* ConnectionViewModel.swift in Sources */,
				770E88A682D4CE2220DDE9FB /* DroneAnnotation.swift in Sources */,
				AACDDE43791EEDF873BC91BD /* DroneAnnotationView.swift in Sources */,
				313AE4BBE8D2F992E170EB0B /* InfoRowView.swift in Sources */,
				78057093C0501BE1C71A941C /* Location.swift in Sources */,
				B58B0EA47E40DF550F89D397 /* MainView.swift in Sources */,
				F824F9EC7F42CC417AFF1057 /* MapView.swift in Sources */,
				A8445107FA36EEE04409111D /* MapViewCoordinator.swift in Sources */,
				A7875E7BB26FFF0DE8930397 /* MapViewModel.swift in Sources */,
				4560901025F21AEFB73454E9 /* MavsdkDrone.swift in Sources */,
				090DCF937CF9CCD7154A1E02 /* Mavsdk_Swift_ExampleApp.swift in Sources */,
				906C68C3D6259F13A56DA1EE /* MenuView.swift in Sources */,
				0FE1588B41605FDEFDC1061F /* MessageViewModel.swift in Sources */,
				65FE25595301BE341D35C554 /* Mission.swift in Sources */,
				74034B4A057DC924B3932B61 /* MissionMapTitleAnnotation.swift in Sources */,
				9EB0A9E4E415DF53893177BD /* MissionMapTitleAnnotationView.swift in Sources */,
				70F75928611CE38A726097A0 /* MissionMenuView.swift in Sources */,
				95EEC29252052050F6172CFB /* MissionOperator.swift in Sources */,
				87929DACC4C22CCD73EEDB53 /* MissionViewModel.swift in Sources */,
				1858C5E348BAB696DEB14ED8 /* PipView.swift in Sources */,
				EA37F42CBA6CF0714845CA0E /* PipViewModel.swift in Sources */,
				54B41A60BF1D0A093FF05C6B /* RTSPView.swift in Sources */,
				DA6F3E1842AAE6141C33835D /* SiteScanMavsdk.swift in Sources */,
				1B2F1FB9FBB6FF555A8FFBE8 /* SiteScanView.swift in Sources */,
				066AE6802087DA4AB63C16A6 /* SiteScanViewModel.swift in Sources */,
				927D19C69907ED0C1C7D356F /* TelemetryDetailView.swift in Sources */,
				AC9D85984B4ED4F791B4E44C /* TelemetryDetailViewModel.swift in Sources */,
				D13E9EE33D831A4E42719A9D /* TelemetryView.swift in Sources */,
				F6F39556898E7B30F7318572 /* TelemetryViewModel.swift in Sources */,
				079EE435F92744E8AE189B59 /* TestMissions.swift in Sources */,
				30A3B168191523772AC772AF /* VideoPlayerUIView.swift in Sources */,
				EE28E8B85D9F8D99F3534A4D /* VideoStreamPlayer.m in Sources */,
				6AB9B4A29F6D6827B89B1042 /* VideoView.swift in Sources */,
			);
			runOnlyForDeploymentPostprocessing = 0;
		};
/* End PBXSourcesBuildPhase section */

/* Begin XCBuildConfiguration section */
		1AFBF535E1EB98E5DA3E5851 /* Debug */ = {
			isa = XCBuildConfiguration;
			buildSettings = {
				ALWAYS_SEARCH_USER_PATHS = NO;
				CLANG_ANALYZER_NONNULL = YES;
				CLANG_ANALYZER_NUMBER_OBJECT_CONVERSION = YES_AGGRESSIVE;
				CLANG_CXX_LANGUAGE_STANDARD = "gnu++14";
				CLANG_CXX_LIBRARY = "libc++";
				CLANG_ENABLE_MODULES = YES;
				CLANG_ENABLE_OBJC_ARC = YES;
				CLANG_WARN_BLOCK_CAPTURE_AUTORELEASING = YES;
				CLANG_WARN_BOOL_CONVERSION = YES;
				CLANG_WARN_COMMA = YES;
				CLANG_WARN_CONSTANT_CONVERSION = YES;
				CLANG_WARN_DEPRECATED_OBJC_IMPLEMENTATIONS = YES;
				CLANG_WARN_DIRECT_OBJC_ISA_USAGE = YES_ERROR;
				CLANG_WARN_DOCUMENTATION_COMMENTS = YES;
				CLANG_WARN_EMPTY_BODY = YES;
				CLANG_WARN_ENUM_CONVERSION = YES;
				CLANG_WARN_INFINITE_RECURSION = YES;
				CLANG_WARN_INT_CONVERSION = YES;
				CLANG_WARN_NON_LITERAL_NULL_CONVERSION = YES;
				CLANG_WARN_OBJC_IMPLICIT_RETAIN_SELF = YES;
				CLANG_WARN_OBJC_LITERAL_CONVERSION = YES;
				CLANG_WARN_OBJC_ROOT_CLASS = YES_ERROR;
				CLANG_WARN_RANGE_LOOP_ANALYSIS = YES;
				CLANG_WARN_STRICT_PROTOTYPES = YES;
				CLANG_WARN_SUSPICIOUS_MOVE = YES;
				CLANG_WARN_UNGUARDED_AVAILABILITY = YES_AGGRESSIVE;
				CLANG_WARN_UNREACHABLE_CODE = YES;
				CLANG_WARN__DUPLICATE_METHOD_MATCH = YES;
				COPY_PHASE_STRIP = NO;
				DEBUG_INFORMATION_FORMAT = dwarf;
				ENABLE_BITCODE = NO;
				ENABLE_STRICT_OBJC_MSGSEND = YES;
				ENABLE_TESTABILITY = YES;
				GCC_C_LANGUAGE_STANDARD = gnu11;
				GCC_DYNAMIC_NO_PIC = NO;
				GCC_NO_COMMON_BLOCKS = YES;
				GCC_OPTIMIZATION_LEVEL = 0;
				GCC_PREPROCESSOR_DEFINITIONS = (
					"$(inherited)",
					"DEBUG=1",
				);
				GCC_WARN_64_TO_32_BIT_CONVERSION = YES;
				GCC_WARN_ABOUT_RETURN_TYPE = YES_ERROR;
				GCC_WARN_UNDECLARED_SELECTOR = YES;
				GCC_WARN_UNINITIALIZED_AUTOS = YES_AGGRESSIVE;
				GCC_WARN_UNUSED_FUNCTION = YES;
				GCC_WARN_UNUSED_VARIABLE = YES;
				IPHONEOS_DEPLOYMENT_TARGET = 14.0;
				MTL_ENABLE_DEBUG_INFO = YES;
				ONLY_ACTIVE_ARCH = YES;
				PRODUCT_NAME = "$(TARGET_NAME)";
				SDKROOT = iphoneos;
				SWIFT_ACTIVE_COMPILATION_CONDITIONS = DEBUG;
				SWIFT_OBJC_BRIDGING_HEADER = "$(PROJECT_DIR)/MAVSDK-Swift-Example/Helpers/FFMpeg/RtspClient-Bridging-Header.h";
				SWIFT_OPTIMIZATION_LEVEL = "-Onone";
				SWIFT_VERSION = 5.0;
			};
			name = Debug;
		};
		88748B98211B995B842C4633 /* Release */ = {
			isa = XCBuildConfiguration;
			buildSettings = {
				ALWAYS_SEARCH_USER_PATHS = NO;
				CLANG_ANALYZER_NONNULL = YES;
				CLANG_ANALYZER_NUMBER_OBJECT_CONVERSION = YES_AGGRESSIVE;
				CLANG_CXX_LANGUAGE_STANDARD = "gnu++14";
				CLANG_CXX_LIBRARY = "libc++";
				CLANG_ENABLE_MODULES = YES;
				CLANG_ENABLE_OBJC_ARC = YES;
				CLANG_WARN_BLOCK_CAPTURE_AUTORELEASING = YES;
				CLANG_WARN_BOOL_CONVERSION = YES;
				CLANG_WARN_COMMA = YES;
				CLANG_WARN_CONSTANT_CONVERSION = YES;
				CLANG_WARN_DEPRECATED_OBJC_IMPLEMENTATIONS = YES;
				CLANG_WARN_DIRECT_OBJC_ISA_USAGE = YES_ERROR;
				CLANG_WARN_DOCUMENTATION_COMMENTS = YES;
				CLANG_WARN_EMPTY_BODY = YES;
				CLANG_WARN_ENUM_CONVERSION = YES;
				CLANG_WARN_INFINITE_RECURSION = YES;
				CLANG_WARN_INT_CONVERSION = YES;
				CLANG_WARN_NON_LITERAL_NULL_CONVERSION = YES;
				CLANG_WARN_OBJC_IMPLICIT_RETAIN_SELF = YES;
				CLANG_WARN_OBJC_LITERAL_CONVERSION = YES;
				CLANG_WARN_OBJC_ROOT_CLASS = YES_ERROR;
				CLANG_WARN_RANGE_LOOP_ANALYSIS = YES;
				CLANG_WARN_STRICT_PROTOTYPES = YES;
				CLANG_WARN_SUSPICIOUS_MOVE = YES;
				CLANG_WARN_UNGUARDED_AVAILABILITY = YES_AGGRESSIVE;
				CLANG_WARN_UNREACHABLE_CODE = YES;
				CLANG_WARN__DUPLICATE_METHOD_MATCH = YES;
				COPY_PHASE_STRIP = NO;
				DEBUG_INFORMATION_FORMAT = "dwarf-with-dsym";
				ENABLE_BITCODE = NO;
				ENABLE_NS_ASSERTIONS = NO;
				ENABLE_STRICT_OBJC_MSGSEND = YES;
				GCC_C_LANGUAGE_STANDARD = gnu11;
				GCC_NO_COMMON_BLOCKS = YES;
				GCC_WARN_64_TO_32_BIT_CONVERSION = YES;
				GCC_WARN_ABOUT_RETURN_TYPE = YES_ERROR;
				GCC_WARN_UNDECLARED_SELECTOR = YES;
				GCC_WARN_UNINITIALIZED_AUTOS = YES_AGGRESSIVE;
				GCC_WARN_UNUSED_FUNCTION = YES;
				GCC_WARN_UNUSED_VARIABLE = YES;
				IPHONEOS_DEPLOYMENT_TARGET = 14.0;
				PRODUCT_NAME = "$(TARGET_NAME)";
				SDKROOT = iphoneos;
				SWIFT_COMPILATION_MODE = wholemodule;
				SWIFT_OBJC_BRIDGING_HEADER = "$(PROJECT_DIR)/MAVSDK-Swift-Example/Helpers/FFMpeg/RtspClient-Bridging-Header.h";
				SWIFT_VERSION = 5.0;
				VALIDATE_PRODUCT = YES;
			};
			name = Release;
		};
		B99E5081368544D9762FFFA0 /* Release */ = {
			isa = XCBuildConfiguration;
			buildSettings = {
				ASSETCATALOG_COMPILER_APPICON_NAME = AppIcon;
				CODE_SIGN_IDENTITY = "iPhone Developer";
				INFOPLIST_FILE = "MAVSDK-Swift-Example/Info.plist";
				LD_RUNPATH_SEARCH_PATHS = (
					"$(inherited)",
					"@executable_path/Frameworks",
				);
				PRODUCT_BUNDLE_IDENTIFIER = "io.mavlink.mavsdk.MAVSDK-Swift-Example";
				SDKROOT = iphoneos;
				TARGETED_DEVICE_FAMILY = "1,2";
			};
			name = Release;
		};
		F8AB88B2C473DB95E8C14924 /* Debug */ = {
			isa = XCBuildConfiguration;
			buildSettings = {
				ASSETCATALOG_COMPILER_APPICON_NAME = AppIcon;
				CODE_SIGN_IDENTITY = "iPhone Developer";
				INFOPLIST_FILE = "MAVSDK-Swift-Example/Info.plist";
				LD_RUNPATH_SEARCH_PATHS = (
					"$(inherited)",
					"@executable_path/Frameworks",
				);
				PRODUCT_BUNDLE_IDENTIFIER = "io.mavlink.mavsdk.MAVSDK-Swift-Example";
				SDKROOT = iphoneos;
				TARGETED_DEVICE_FAMILY = "1,2";
			};
			name = Debug;
		};
/* End XCBuildConfiguration section */

/* Begin XCConfigurationList section */
		46AA6F84F0B2013BAAE4118B /* Build configuration list for PBXNativeTarget "MAVSDK_Swift_Example" */ = {
			isa = XCConfigurationList;
			buildConfigurations = (
				F8AB88B2C473DB95E8C14924 /* Debug */,
				B99E5081368544D9762FFFA0 /* Release */,
			);
			defaultConfigurationIsVisible = 0;
			defaultConfigurationName = Debug;
		};
		8585D655B02EC6BA44C1F8D0 /* Build configuration list for PBXProject "MAVSDK-Swift-Example" */ = {
			isa = XCConfigurationList;
			buildConfigurations = (
				1AFBF535E1EB98E5DA3E5851 /* Debug */,
				88748B98211B995B842C4633 /* Release */,
			);
			defaultConfigurationIsVisible = 0;
			defaultConfigurationName = Debug;
		};
/* End XCConfigurationList section */

/* Begin XCRemoteSwiftPackageReference section */
		28BF20C926F10596F57C84BF /* XCRemoteSwiftPackageReference "MAVSDK-Swift" */ = {
			isa = XCRemoteSwiftPackageReference;
			repositoryURL = "https://github.com/esri/MAVSDK-Swift";
			requirement = {
				kind = upToNextMinorVersion;
				minimumVersion = 0.41.1;
			};
		};
		950B5940C5F0E28AEB85A825 /* XCRemoteSwiftPackageReference "FFmpeg-iOS" */ = {
			isa = XCRemoteSwiftPackageReference;
			repositoryURL = "https://github.com/kewlbear/FFmpeg-iOS";
			requirement = {
				kind = upToNextMinorVersion;
				minimumVersion = 0.0.3;
			};
		};
/* End XCRemoteSwiftPackageReference section */

/* Begin XCSwiftPackageProductDependency section */
		5D524256F76102C17B7B5042 /* MavsdkServer */ = {
			isa = XCSwiftPackageProductDependency;
			package = 28BF20C926F10596F57C84BF /* XCRemoteSwiftPackageReference "MAVSDK-Swift" */;
			productName = MavsdkServer;
		};
		66E7160975B8D408C194EFFC /* FFmpeg-iOS */ = {
			isa = XCSwiftPackageProductDependency;
			package = 950B5940C5F0E28AEB85A825 /* XCRemoteSwiftPackageReference "FFmpeg-iOS" */;
			productName = "FFmpeg-iOS";
		};
		E94C0CF43BAEA9D0CC387ED2 /* Mavsdk */ = {
			isa = XCSwiftPackageProductDependency;
			package = 28BF20C926F10596F57C84BF /* XCRemoteSwiftPackageReference "MAVSDK-Swift" */;
			productName = Mavsdk;
		};
/* End XCSwiftPackageProductDependency section */
	};
	rootObject = 84CEAC934EAED2D85CD73735 /* Project object */;
}
